
Microsoft Visual Studio Solution File, Format Version 12.00
# Visual Studio Version 16
VisualStudioVersion = 16.0.29613.14
MinimumVisualStudioVersion = 10.0.40219.1
Project("{FAE04EC0-301F-11D3-BF4B-00C04F79EFBC}") = "UDPChatClient", "UDPChatClient\UDPChatClient.csproj", "{1C8FF4F5-4733-4E48-9B51-AC5635B34237}"
EndProject
Global
	GlobalSection(SolutionConfigurationPlatforms) = preSolution
		Debug|Any CPU = Debug|Any CPU
		Release|Any CPU = Release|Any CPU
	EndGlobalSection
	GlobalSection(ProjectConfigurationPlatforms) = postSolution
		{1C8FF4F5-4733-4E48-9B51-AC5635B34237}.Debug|Any CPU.ActiveCfg = Debug|Any CPU
		{1C8FF4F5-4733-4E48-9B51-AC5635B34237}.Debug|Any CPU.Build.0 = Debug|Any CPU
		{1C8FF4F5-4733-4E48-9B51-AC5635B34237}.Release|Any CPU.ActiveCfg = Release|Any CPU
		{1C8FF4F5-4733-4E48-9B51-AC5635B34237}.Release|Any CPU.Build.0 = Release|Any CPU
	EndGlobalSection
	GlobalSection(SolutionProperties) = preSolution
		HideSolutionNode = FALSE
	EndGlobalSection
	GlobalSection(ExtensibilityGlobals) = postSolution
		SolutionGuid = {01E8BB5D-D2CC-496F-ACC9-9DE47D38649E}
	EndGlobalSection
EndGlobal
